
Microsoft Visual Studio Solution File, Format Version 12.00
# Visual Studio Version 17
VisualStudioVersion = 17.9.34723.18
MinimumVisualStudioVersion = 10.0.40219.1
Project("{FAE04EC0-301F-11D3-BF4B-00C04F79EFBC}") = "TextEditor", "TextEditor\TextEditor.csproj", "{1A3B1511-A4D0-42E2-BBE7-5AE025149B56}"
EndProject
Global
	GlobalSection(SolutionConfigurationPlatforms) = preSolution
		Debug|Any CPU = Debug|Any CPU
		Release|Any CPU = Release|Any CPU
	EndGlobalSection
	GlobalSection(ProjectConfigurationPlatforms) = postSolution
		{1A3B1511-A4D0-42E2-BBE7-5AE025149B56}.Debug|Any CPU.ActiveCfg = Debug|Any CPU
		{1A3B1511-A4D0-42E2-BBE7-5AE025149B56}.Debug|Any CPU.Build.0 = Debug|Any CPU
		{1A3B1511-A4D0-42E2-BBE7-5AE025149B56}.Release|Any CPU.ActiveCfg = Release|Any CPU
		{1A3B1511-A4D0-42E2-BBE7-5AE025149B56}.Release|Any CPU.Build.0 = Release|Any CPU
	EndGlobalSection
	GlobalSection(SolutionProperties) = preSolution
		HideSolutionNode = FALSE
	EndGlobalSection
	GlobalSection(ExtensibilityGlobals) = postSolution
		SolutionGuid = {7D21659E-35C9-420C-87DE-462EBD3F5805}
	EndGlobalSection
EndGlobal
